// !$*UTF8*$!
{
	archiveVersion = 1;
	classes = {
	};
	objectVersion = 55;
	objects = {

/* Begin PBXBuildFile section */
		3FFC523D27B5EB8000FEDF61 /* AppDelegate.swift in Sources */ = {isa = PBXBuildFile; fileRef = 3FFC523C27B5EB8000FEDF61 /* AppDelegate.swift */; };
		3FFC523F27B5EB8000FEDF61 /* SceneDelegate.swift in Sources */ = {isa = PBXBuildFile; fileRef = 3FFC523E27B5EB8000FEDF61 /* SceneDelegate.swift */; };
		3FFC524127B5EB8000FEDF61 /* ViewController.swift in Sources */ = {isa = PBXBuildFile; fileRef = 3FFC524027B5EB8000FEDF61 /* ViewController.swift */; };
		3FFC524427B5EB8000FEDF61 /* Main.storyboard in Resources */ = {isa = PBXBuildFile; fileRef = 3FFC524227B5EB8000FEDF61 /* Main.storyboard */; };
		3FFC524627B5EB8200FEDF61 /* Assets.xcassets in Resources */ = {isa = PBXBuildFile; fileRef = 3FFC524527B5EB8200FEDF61 /* Assets.xcassets */; };
		3FFC524927B5EB8200FEDF61 /* LaunchScreen.storyboard in Resources */ = {isa = PBXBuildFile; fileRef = 3FFC524727B5EB8200FEDF61 /* LaunchScreen.storyboard */; };
		3FFC525427B5EB8200FEDF61 /* Andre_FlixTests.swift in Sources */ = {isa = PBXBuildFile; fileRef = 3FFC525327B5EB8200FEDF61 /* Andre_FlixTests.swift */; };
		3FFC525E27B5EB8200FEDF61 /* Andre_FlixUITests.swift in Sources */ = {isa = PBXBuildFile; fileRef = 3FFC525D27B5EB8200FEDF61 /* Andre_FlixUITests.swift */; };
		3FFC526027B5EB8200FEDF61 /* Andre_FlixUITestsLaunchTests.swift in Sources */ = {isa = PBXBuildFile; fileRef = 3FFC525F27B5EB8200FEDF61 /* Andre_FlixUITestsLaunchTests.swift */; };
/* End PBXBuildFile section */

/* Begin PBXContainerItemProxy section */
		3FFC525027B5EB8200FEDF61 /* PBXContainerItemProxy */ = {
			isa = PBXContainerItemProxy;
			containerPortal = 3FFC523127B5EB8000FEDF61 /* Project object */;
			proxyType = 1;
			remoteGlobalIDString = 3FFC523827B5EB8000FEDF61;
			remoteInfo = "Andre-Flix";
		};
		3FFC525A27B5EB8200FEDF61 /* PBXContainerItemProxy */ = {
			isa = PBXContainerItemProxy;
			containerPortal = 3FFC523127B5EB8000FEDF61 /* Project object */;
			proxyType = 1;
			remoteGlobalIDString = 3FFC523827B5EB8000FEDF61;
			remoteInfo = "Andre-Flix";
		};
/* End PBXContainerItemProxy section */

/* Begin PBXFileReference section */
		3FFC523927B5EB8000FEDF61 /* Andre-Flix.app */ = {isa = PBXFileReference; explicitFileType = wrapper.application; includeInIndex = 0; path = "Andre-Flix.app"; sourceTree = BUILT_PRODUCTS_DIR; };
		3FFC523C27B5EB8000FEDF61 /* AppDelegate.swift */ = {isa = PBXFileReference; lastKnownFileType = sourcecode.swift; path = AppDelegate.swift; sourceTree = "<group>"; };
		3FFC523E27B5EB8000FEDF61 /* SceneDelegate.swift */ = {isa = PBXFileReference; lastKnownFileType = sourcecode.swift; path = SceneDelegate.swift; sourceTree = "<group>"; };
		3FFC524027B5EB8000FEDF61 /* ViewController.swift */ = {isa = PBXFileReference; lastKnownFileType = sourcecode.swift; path = ViewController.swift; sourceTree = "<group>"; };
		3FFC524327B5EB8000FEDF61 /* Base */ = {isa = PBXFileReference; lastKnownFileType = file.storyboard; name = Base; path = Base.lproj/Main.storyboard; sourceTree = "<group>"; };
		3FFC524527B5EB8200FEDF61 /* Assets.xcassets */ = {isa = PBXFileReference; lastKnownFileType = folder.assetcatalog; path = Assets.xcassets; sourceTree = "<group>"; };
		3FFC524827B5EB8200FEDF61 /* Base */ = {isa = PBXFileReference; lastKnownFileType = file.storyboard; name = Base; path = Base.lproj/LaunchScreen.storyboard; sourceTree = "<group>"; };
		3FFC524A27B5EB8200FEDF61 /* Info.plist */ = {isa = PBXFileReference; lastKnownFileType = text.plist.xml; path = Info.plist; sourceTree = "<group>"; };
		3FFC524F27B5EB8200FEDF61 /* Andre-FlixTests.xctest */ = {isa = PBXFileReference; explicitFileType = wrapper.cfbundle; includeInIndex = 0; path = "Andre-FlixTests.xctest"; sourceTree = BUILT_PRODUCTS_DIR; };
		3FFC525327B5EB8200FEDF61 /* Andre_FlixTests.swift */ = {isa = PBXFileReference; lastKnownFileType = sourcecode.swift; path = Andre_FlixTests.swift; sourceTree = "<group>"; };
		3FFC525927B5EB8200FEDF61 /* Andre-FlixUITests.xctest */ = {isa = PBXFileReference; explicitFileType = wrapper.cfbundle; includeInIndex = 0; path = "Andre-FlixUITests.xctest"; sourceTree = BUILT_PRODUCTS_DIR; };
		3FFC525D27B5EB8200FEDF61 /* Andre_FlixUITests.swift */ = {isa = PBXFileReference; lastKnownFileType = sourcecode.swift; path = Andre_FlixUITests.swift; sourceTree = "<group>"; };
		3FFC525F27B5EB8200FEDF61 /* Andre_FlixUITestsLaunchTests.swift */ = {isa = PBXFileReference; lastKnownFileType = sourcecode.swift; path = Andre_FlixUITestsLaunchTests.swift; sourceTree = "<group>"; };
/* End PBXFileReference section */

/* Begin PBXFrameworksBuildPhase section */
		3FFC523627B5EB8000FEDF61 /* Frameworks */ = {
			isa = PBXFrameworksBuildPhase;
			buildActionMask = 2147483647;
			files = (
			);
			runOnlyForDeploymentPostprocessing = 0;
		};
		3FFC524C27B5EB8200FEDF61 /* Frameworks */ = {
			isa = PBXFrameworksBuildPhase;
			buildActionMask = 2147483647;
			files = (
			);
			runOnlyForDeploymentPostprocessing = 0;
		};
		3FFC525627B5EB8200FEDF61 /* Frameworks */ = {
			isa = PBXFrameworksBuildPhase;
			buildActionMask = 2147483647;
			files = (
			);
			runOnlyForDeploymentPostprocessing = 0;
		};
/* End PBXFrameworksBuildPhase section */

/* Begin PBXGroup section */
		3FFC523027B5EB8000FEDF61 = {
			isa = PBXGroup;
			children = (
				3FFC523B27B5EB8000FEDF61 /* Andre-Flix */,
				3FFC525227B5EB8200FEDF61 /* Andre-FlixTests */,
				3FFC525C27B5EB8200FEDF61 /* Andre-FlixUITests */,
				3FFC523A27B5EB8000FEDF61 /* Products */,
			);
			sourceTree = "<group>";
		};
		3FFC523A27B5EB8000FEDF61 /* Products */ = {
			isa = PBXGroup;
			children = (
				3FFC523927B5EB8000FEDF61 /* Andre-Flix.app */,
				3FFC524F27B5EB8200FEDF61 /* Andre-FlixTests.xctest */,
				3FFC525927B5EB8200FEDF61 /* Andre-FlixUITests.xctest */,
			);
			name = Products;
			sourceTree = "<group>";
		};
		3FFC523B27B5EB8000FEDF61 /* Andre-Flix */ = {
			isa = PBXGroup;
			children = (
				3FFC523C27B5EB8000FEDF61 /* AppDelegate.swift */,
				3FFC523E27B5EB8000FEDF61 /* SceneDelegate.swift */,
				3FFC524027B5EB8000FEDF61 /* ViewController.swift */,
				3FFC524227B5EB8000FEDF61 /* Main.storyboard */,
				3FFC524527B5EB8200FEDF61 /* Assets.xcassets */,
				3FFC524727B5EB8200FEDF61 /* LaunchScreen.storyboard */,
				3FFC524A27B5EB8200FEDF61 /* Info.plist */,
			);
			path = "Andre-Flix";
			sourceTree = "<group>";
		};
		3FFC525227B5EB8200FEDF61 /* Andre-FlixTests */ = {
			isa = PBXGroup;
			children = (
				3FFC525327B5EB8200FEDF61 /* Andre_FlixTests.swift */,
			);
			path = "Andre-FlixTests";
			sourceTree = "<group>";
		};
		3FFC525C27B5EB8200FEDF61 /* Andre-FlixUITests */ = {
			isa = PBXGroup;
			children = (
				3FFC525D27B5EB8200FEDF61 /* Andre_FlixUITests.swift */,
				3FFC525F27B5EB8200FEDF61 /* Andre_FlixUITestsLaunchTests.swift */,
			);
			path = "Andre-FlixUITests";
			sourceTree = "<group>";
		};
/* End PBXGroup section */

/* Begin PBXNativeTarget section */
		3FFC523827B5EB8000FEDF61 /* Andre-Flix */ = {
			isa = PBXNativeTarget;
			buildConfigurationList = 3FFC526327B5EB8200FEDF61 /* Build configuration list for PBXNativeTarget "Andre-Flix" */;
			buildPhases = (
				3FFC523527B5EB8000FEDF61 /* Sources */,
				3FFC523627B5EB8000FEDF61 /* Frameworks */,
				3FFC523727B5EB8000FEDF61 /* Resources */,
			);
			buildRules = (
			);
			dependencies = (
			);
			name = "Andre-Flix";
			productName = "Andre-Flix";
			productReference = 3FFC523927B5EB8000FEDF61 /* Andre-Flix.app */;
			productType = "com.apple.product-type.application";
		};
		3FFC524E27B5EB8200FEDF61 /* Andre-FlixTests */ = {
			isa = PBXNativeTarget;
			buildConfigurationList = 3FFC526627B5EB8200FEDF61 /* Build configuration list for PBXNativeTarget "Andre-FlixTests" */;
			buildPhases = (
				3FFC524B27B5EB8200FEDF61 /* Sources */,
				3FFC524C27B5EB8200FEDF61 /* Frameworks */,
				3FFC524D27B5EB8200FEDF61 /* Resources */,
			);
			buildRules = (
			);
			dependencies = (
				3FFC525127B5EB8200FEDF61 /* PBXTargetDependency */,
			);
			name = "Andre-FlixTests";
			productName = "Andre-FlixTests";
			productReference = 3FFC524F27B5EB8200FEDF61 /* Andre-FlixTests.xctest */;
			productType = "com.apple.product-type.bundle.unit-test";
		};
		3FFC525827B5EB8200FEDF61 /* Andre-FlixUITests */ = {
			isa = PBXNativeTarget;
			buildConfigurationList = 3FFC526927B5EB8200FEDF61 /* Build configuration list for PBXNativeTarget "Andre-FlixUITests" */;
			buildPhases = (
				3FFC525527B5EB8200FEDF61 /* Sources */,
				3FFC525627B5EB8200FEDF61 /* Frameworks */,
				3FFC525727B5EB8200FEDF61 /* Resources */,
			);
			buildRules = (
			);
			dependencies = (
				3FFC525B27B5EB8200FEDF61 /* PBXTargetDependency */,
			);
			name = "Andre-FlixUITests";
			productName = "Andre-FlixUITests";
			productReference = 3FFC525927B5EB8200FEDF61 /* Andre-FlixUITests.xctest */;
			productType = "com.apple.product-type.bundle.ui-testing";
		};
/* End PBXNativeTarget section */

/* Begin PBXProject section */
		3FFC523127B5EB8000FEDF61 /* Project object */ = {
			isa = PBXProject;
			attributes = {
				BuildIndependentTargetsInParallel = 1;
				LastSwiftUpdateCheck = 1320;
				LastUpgradeCheck = 1320;
				TargetAttributes = {
					3FFC523827B5EB8000FEDF61 = {
						CreatedOnToolsVersion = 13.2;
					};
					3FFC524E27B5EB8200FEDF61 = {
						CreatedOnToolsVersion = 13.2;
						TestTargetID = 3FFC523827B5EB8000FEDF61;
					};
					3FFC525827B5EB8200FEDF61 = {
						CreatedOnToolsVersion = 13.2;
						TestTargetID = 3FFC523827B5EB8000FEDF61;
					};
				};
			};
			buildConfigurationList = 3FFC523427B5EB8000FEDF61 /* Build configuration list for PBXProject "Andre-Flix" */;
			compatibilityVersion = "Xcode 13.0";
			developmentRegion = en;
			hasScannedForEncodings = 0;
			knownRegions = (
				en,
				Base,
			);
			mainGroup = 3FFC523027B5EB8000FEDF61;
			productRefGroup = 3FFC523A27B5EB8000FEDF61 /* Products */;
			projectDirPath = "";
			projectRoot = "";
			targets = (
				3FFC523827B5EB8000FEDF61 /* Andre-Flix */,
				3FFC524E27B5EB8200FEDF61 /* Andre-FlixTests */,
				3FFC525827B5EB8200FEDF61 /* Andre-FlixUITests */,
			);
		};
/* End PBXProject section */

/* Begin PBXResourcesBuildPhase section */
		3FFC523727B5EB8000FEDF61 /* Resources */ = {
			isa = PBXResourcesBuildPhase;
			buildActionMask = 2147483647;
			files = (
				3FFC524927B5EB8200FEDF61 /* LaunchScreen.storyboard in Resources */,
				3FFC524627B5EB8200FEDF61 /* Assets.xcassets in Resources */,
				3FFC524427B5EB8000FEDF61 /* Main.storyboard in Resources */,
			);
			runOnlyForDeploymentPostprocessing = 0;
		};
		3FFC524D27B5EB8200FEDF61 /* Resources */ = {
			isa = PBXResourcesBuildPhase;
			buildActionMask = 2147483647;
			files = (
			);
			runOnlyForDeploymentPostprocessing = 0;
		};
		3FFC525727B5EB8200FEDF61 /* Resources */ = {
			isa = PBXResourcesBuildPhase;
			buildActionMask = 2147483647;
			files = (
			);
			runOnlyForDeploymentPostprocessing = 0;
		};
/* End PBXResourcesBuildPhase section */

/* Begin PBXSourcesBuildPhase section */
		3FFC523527B5EB8000FEDF61 /* Sources */ = {
			isa = PBXSourcesBuildPhase;
			buildActionMask = 2147483647;
			files = (
				3FFC524127B5EB8000FEDF61 /* ViewController.swift in Sources */,
				3FFC523D27B5EB8000FEDF61 /* AppDelegate.swift in Sources */,
				3FFC523F27B5EB8000FEDF61 /* SceneDelegate.swift in Sources */,
			);
			runOnlyForDeploymentPostprocessing = 0;
		};
		3FFC524B27B5EB8200FEDF61 /* Sources */ = {
			isa = PBXSourcesBuildPhase;
			buildActionMask = 2147483647;
			files = (
				3FFC525427B5EB8200FEDF61 /* Andre_FlixTests.swift in Sources */,
			);
			runOnlyForDeploymentPostprocessing = 0;
		};
		3FFC525527B5EB8200FEDF61 /* Sources */ = {
			isa = PBXSourcesBuildPhase;
			buildActionMask = 2147483647;
			files = (
				3FFC526027B5EB8200FEDF61 /* Andre_FlixUITestsLaunchTests.swift in Sources */,
				3FFC525E27B5EB8200FEDF61 /* Andre_FlixUITests.swift in Sources */,
			);
			runOnlyForDeploymentPostprocessing = 0;
		};
/* End PBXSourcesBuildPhase section */

/* Begin PBXTargetDependency section */
		3FFC525127B5EB8200FEDF61 /* PBXTargetDependency */ = {
			isa = PBXTargetDependency;
			target = 3FFC523827B5EB8000FEDF61 /* Andre-Flix */;
			targetProxy = 3FFC525027B5EB8200FEDF61 /* PBXContainerItemProxy */;
		};
		3FFC525B27B5EB8200FEDF61 /* PBXTargetDependency */ = {
			isa = PBXTargetDependency;
			target = 3FFC523827B5EB8000FEDF61 /* Andre-Flix */;
			targetProxy = 3FFC525A27B5EB8200FEDF61 /* PBXContainerItemProxy */;
		};
/* End PBXTargetDependency section */

/* Begin PBXVariantGroup section */
		3FFC524227B5EB8000FEDF61 /* Main.storyboard */ = {
			isa = PBXVariantGroup;
			children = (
				3FFC524327B5EB8000FEDF61 /* Base */,
			);
			name = Main.storyboard;
			sourceTree = "<group>";
		};
		3FFC524727B5EB8200FEDF61 /* LaunchScreen.storyboard */ = {
			isa = PBXVariantGroup;
			children = (
				3FFC524827B5EB8200FEDF61 /* Base */,
			);
			name = LaunchScreen.storyboard;
			sourceTree = "<group>";
		};
/* End PBXVariantGroup section */

/* Begin XCBuildConfiguration section */
		3FFC526127B5EB8200FEDF61 /* Debug */ = {
			isa = XCBuildConfiguration;
			buildSettings = {
				ALWAYS_SEARCH_USER_PATHS = NO;
				CLANG_ANALYZER_NONNULL = YES;
				CLANG_ANALYZER_NUMBER_OBJECT_CONVERSION = YES_AGGRESSIVE;
				CLANG_CXX_LANGUAGE_STANDARD = "gnu++17";
				CLANG_CXX_LIBRARY = "libc++";
				CLANG_ENABLE_MODULES = YES;
				CLANG_ENABLE_OBJC_ARC = YES;
				CLANG_ENABLE_OBJC_WEAK = YES;
				CLANG_WARN_BLOCK_CAPTURE_AUTORELEASING = YES;
				CLANG_WARN_BOOL_CONVERSION = YES;
				CLANG_WARN_COMMA = YES;
				CLANG_WARN_CONSTANT_CONVERSION = YES;
				CLANG_WARN_DEPRECATED_OBJC_IMPLEMENTATIONS = YES;
				CLANG_WARN_DIRECT_OBJC_ISA_USAGE = YES_ERROR;
				CLANG_WARN_DOCUMENTATION_COMMENTS = YES;
				CLANG_WARN_EMPTY_BODY = YES;
				CLANG_WARN_ENUM_CONVERSION = YES;
				CLANG_WARN_INFINITE_RECURSION = YES;
				CLANG_WARN_INT_CONVERSION = YES;
				CLANG_WARN_NON_LITERAL_NULL_CONVERSION = YES;
				CLANG_WARN_OBJC_IMPLICIT_RETAIN_SELF = YES;
				CLANG_WARN_OBJC_LITERAL_CONVERSION = YES;
				CLANG_WARN_OBJC_ROOT_CLASS = YES_ERROR;
				CLANG_WARN_QUOTED_INCLUDE_IN_FRAMEWORK_HEADER = YES;
				CLANG_WARN_RANGE_LOOP_ANALYSIS = YES;
				CLANG_WARN_STRICT_PROTOTYPES = YES;
				CLANG_WARN_SUSPICIOUS_MOVE = YES;
				CLANG_WARN_UNGUARDED_AVAILABILITY = YES_AGGRESSIVE;
				CLANG_WARN_UNREACHABLE_CODE = YES;
				CLANG_WARN__DUPLICATE_METHOD_MATCH = YES;
				COPY_PHASE_STRIP = NO;
				DEBUG_INFORMATION_FORMAT = dwarf;
				ENABLE_STRICT_OBJC_MSGSEND = YES;
				ENABLE_TESTABILITY = YES;
				GCC_C_LANGUAGE_STANDARD = gnu11;
				GCC_DYNAMIC_NO_PIC = NO;
				GCC_NO_COMMON_BLOCKS = YES;
				GCC_OPTIMIZATION_LEVEL = 0;
				GCC_PREPROCESSOR_DEFINITIONS = (
					"DEBUG=1",
					"$(inherited)",
				);
				GCC_WARN_64_TO_32_BIT_CONVERSION = YES;
				GCC_WARN_ABOUT_RETURN_TYPE = YES_ERROR;
				GCC_WARN_UNDECLARED_SELECTOR = YES;
				GCC_WARN_UNINITIALIZED_AUTOS = YES_AGGRESSIVE;
				GCC_WARN_UNUSED_FUNCTION = YES;
				GCC_WARN_UNUSED_VARIABLE = YES;
				IPHONEOS_DEPLOYMENT_TARGET = 15.2;
				MTL_ENABLE_DEBUG_INFO = INCLUDE_SOURCE;
				MTL_FAST_MATH = YES;
				ONLY_ACTIVE_ARCH = YES;
				SDKROOT = iphoneos;
				SWIFT_ACTIVE_COMPILATION_CONDITIONS = DEBUG;
				SWIFT_OPTIMIZATION_LEVEL = "-Onone";
			};
			name = Debug;
		};
		3FFC526227B5EB8200FEDF61 /* Release */ = {
			isa = XCBuildConfiguration;
			buildSettings = {
				ALWAYS_SEARCH_USER_PATHS = NO;
				CLANG_ANALYZER_NONNULL = YES;
				CLANG_ANALYZER_NUMBER_OBJECT_CONVERSION = YES_AGGRESSIVE;
				CLANG_CXX_LANGUAGE_STANDARD = "gnu++17";
				CLANG_CXX_LIBRARY = "libc++";
				CLANG_ENABLE_MODULES = YES;
				CLANG_ENABLE_OBJC_ARC = YES;
				CLANG_ENABLE_OBJC_WEAK = YES;
				CLANG_WARN_BLOCK_CAPTURE_AUTORELEASING = YES;
				CLANG_WARN_BOOL_CONVERSION = YES;
				CLANG_WARN_COMMA = YES;
				CLANG_WARN_CONSTANT_CONVERSION = YES;
				CLANG_WARN_DEPRECATED_OBJC_IMPLEMENTATIONS = YES;
				CLANG_WARN_DIRECT_OBJC_ISA_USAGE = YES_ERROR;
				CLANG_WARN_DOCUMENTATION_COMMENTS = YES;
				CLANG_WARN_EMPTY_BODY = YES;
				CLANG_WARN_ENUM_CONVERSION = YES;
				CLANG_WARN_INFINITE_RECURSION = YES;
				CLANG_WARN_INT_CONVERSION = YES;
				CLANG_WARN_NON_LITERAL_NULL_CONVERSION = YES;
				CLANG_WARN_OBJC_IMPLICIT_RETAIN_SELF = YES;
				CLANG_WARN_OBJC_LITERAL_CONVERSION = YES;
				CLANG_WARN_OBJC_ROOT_CLASS = YES_ERROR;
				CLANG_WARN_QUOTED_INCLUDE_IN_FRAMEWORK_HEADER = YES;
				CLANG_WARN_RANGE_LOOP_ANALYSIS = YES;
				CLANG_WARN_STRICT_PROTOTYPES = YES;
				CLANG_WARN_SUSPICIOUS_MOVE = YES;
				CLANG_WARN_UNGUARDED_AVAILABILITY = YES_AGGRESSIVE;
				CLANG_WARN_UNREACHABLE_CODE = YES;
				CLANG_WARN__DUPLICATE_METHOD_MATCH = YES;
				COPY_PHASE_STRIP = NO;
				DEBUG_INFORMATION_FORMAT = "dwarf-with-dsym";
				ENABLE_NS_ASSERTIONS = NO;
				ENABLE_STRICT_OBJC_MSGSEND = YES;
				GCC_C_LANGUAGE_STANDARD = gnu11;
				GCC_NO_COMMON_BLOCKS = YES;
				GCC_WARN_64_TO_32_BIT_CONVERSION = YES;
				GCC_WARN_ABOUT_RETURN_TYPE = YES_ERROR;
				GCC_WARN_UNDECLARED_SELECTOR = YES;
				GCC_WARN_UNINITIALIZED_AUTOS = YES_AGGRESSIVE;
				GCC_WARN_UNUSED_FUNCTION = YES;
				GCC_WARN_UNUSED_VARIABLE = YES;
				IPHONEOS_DEPLOYMENT_TARGET = 15.2;
				MTL_ENABLE_DEBUG_INFO = NO;
				MTL_FAST_MATH = YES;
				SDKROOT = iphoneos;
				SWIFT_COMPILATION_MODE = wholemodule;
				SWIFT_OPTIMIZATION_LEVEL = "-O";
				VALIDATE_PRODUCT = YES;
			};
			name = Release;
		};
		3FFC526427B5EB8200FEDF61 /* Debug */ = {
			isa = XCBuildConfiguration;
			buildSettings = {
				ASSETCATALOG_COMPILER_APPICON_NAME = AppIcon;
				ASSETCATALOG_COMPILER_GLOBAL_ACCENT_COLOR_NAME = AccentColor;
				CODE_SIGN_STYLE = Automatic;
				CURRENT_PROJECT_VERSION = 1;
				GENERATE_INFOPLIST_FILE = YES;
				INFOPLIST_FILE = "Andre-Flix/Info.plist";
				INFOPLIST_KEY_UIApplicationSupportsIndirectInputEvents = YES;
				INFOPLIST_KEY_UILaunchStoryboardName = LaunchScreen;
				INFOPLIST_KEY_UIMainStoryboardFile = Main;
				INFOPLIST_KEY_UISupportedInterfaceOrientations_iPad = "UIInterfaceOrientationPortrait UIInterfaceOrientationPortraitUpsideDown UIInterfaceOrientationLandscapeLeft UIInterfaceOrientationLandscapeRight";
				INFOPLIST_KEY_UISupportedInterfaceOrientations_iPhone = "UIInterfaceOrientationPortrait UIInterfaceOrientationLandscapeLeft UIInterfaceOrientationLandscapeRight";
				LD_RUNPATH_SEARCH_PATHS = (
					"$(inherited)",
					"@executable_path/Frameworks",
				);
				MARKETING_VERSION = 1.0;
				PRODUCT_BUNDLE_IDENTIFIER = "com.andre.Andre-Flix";
				PRODUCT_NAME = "$(TARGET_NAME)";
				SWIFT_EMIT_LOC_STRINGS = YES;
				SWIFT_VERSION = 5.0;
				TARGETED_DEVICE_FAMILY = "1,2";
			};
			name = Debug;
		};
		3FFC526527B5EB8200FEDF61 /* Release */ = {
			isa = XCBuildConfiguration;
			buildSettings = {
				ASSETCATALOG_COMPILER_APPICON_NAME = AppIcon;
				ASSETCATALOG_COMPILER_GLOBAL_ACCENT_COLOR_NAME = AccentColor;
				CODE_SIGN_STYLE = Automatic;
				CURRENT_PROJECT_VERSION = 1;
				GENERATE_INFOPLIST_FILE = YES;
				INFOPLIST_FILE = "Andre-Flix/Info.plist";
				INFOPLIST_KEY_UIApplicationSupportsIndirectInputEvents = YES;
				INFOPLIST_KEY_UILaunchStoryboardName = LaunchScreen;
				INFOPLIST_KEY_UIMainStoryboardFile = Main;
				INFOPLIST_KEY_UISupportedInterfaceOrientations_iPad = "UIInterfaceOrientationPortrait UIInterfaceOrientationPortraitUpsideDown UIInterfaceOrientationLandscapeLeft UIInterfaceOrientationLandscapeRight";
				INFOPLIST_KEY_UISupportedInterfaceOrientations_iPhone = "UIInterfaceOrientationPortrait UIInterfaceOrientationLandscapeLeft UIInterfaceOrientationLandscapeRight";
				LD_RUNPATH_SEARCH_PATHS = (
					"$(inherited)",
					"@executable_path/Frameworks",
				);
				MARKETING_VERSION = 1.0;
				PRODUCT_BUNDLE_IDENTIFIER = "com.andre.Andre-Flix";
				PRODUCT_NAME = "$(TARGET_NAME)";
				SWIFT_EMIT_LOC_STRINGS = YES;
				SWIFT_VERSION = 5.0;
				TARGETED_DEVICE_FAMILY = "1,2";
			};
			name = Release;
		};
		3FFC526727B5EB8200FEDF61 /* Debug */ = {
			isa = XCBuildConfiguration;
			buildSettings = {
				ALWAYS_EMBED_SWIFT_STANDARD_LIBRARIES = YES;
				BUNDLE_LOADER = "$(TEST_HOST)";
				CODE_SIGN_STYLE = Automatic;
				CURRENT_PROJECT_VERSION = 1;
				GENERATE_INFOPLIST_FILE = YES;
				IPHONEOS_DEPLOYMENT_TARGET = 15.2;
				MARKETING_VERSION = 1.0;
				PRODUCT_BUNDLE_IDENTIFIER = "com.andre.Andre-FlixTests";
				PRODUCT_NAME = "$(TARGET_NAME)";
				SWIFT_EMIT_LOC_STRINGS = NO;
				SWIFT_VERSION = 5.0;
				TARGETED_DEVICE_FAMILY = "1,2";
				TEST_HOST = "$(BUILT_PRODUCTS_DIR)/Andre-Flix.app/Andre-Flix";
			};
			name = Debug;
		};
		3FFC526827B5EB8200FEDF61 /* Release */ = {
			isa = XCBuildConfiguration;
			buildSettings = {
				ALWAYS_EMBED_SWIFT_STANDARD_LIBRARIES = YES;
				BUNDLE_LOADER = "$(TEST_HOST)";
				CODE_SIGN_STYLE = Automatic;
				CURRENT_PROJECT_VERSION = 1;
				GENERATE_INFOPLIST_FILE = YES;
				IPHONEOS_DEPLOYMENT_TARGET = 15.2;
				MARKETING_VERSION = 1.0;
				PRODUCT_BUNDLE_IDENTIFIER = "com.andre.Andre-FlixTests";
				PRODUCT_NAME = "$(TARGET_NAME)";
				SWIFT_EMIT_LOC_STRINGS = NO;
				SWIFT_VERSION = 5.0;
				TARGETED_DEVICE_FAMILY = "1,2";
				TEST_HOST = "$(BUILT_PRODUCTS_DIR)/Andre-Flix.app/Andre-Flix";
			};
			name = Release;
		};
		3FFC526A27B5EB8200FEDF61 /* Debug */ = {
			isa = XCBuildConfiguration;
			buildSettings = {
				ALWAYS_EMBED_SWIFT_STANDARD_LIBRARIES = YES;
				CODE_SIGN_STYLE = Automatic;
				CURRENT_PROJECT_VERSION = 1;
				GENERATE_INFOPLIST_FILE = YES;
				MARKETING_VERSION = 1.0;
				PRODUCT_BUNDLE_IDENTIFIER = "com.andre.Andre-FlixUITests";
				PRODUCT_NAME = "$(TARGET_NAME)";
				SWIFT_EMIT_LOC_STRINGS = NO;
				SWIFT_VERSION = 5.0;
				TARGETED_DEVICE_FAMILY = "1,2";
				TEST_TARGET_NAME = "Andre-Flix";
			};
			name = Debug;
		};
		3FFC526B27B5EB8200FEDF61 /* Release */ = {
			isa = XCBuildConfiguration;
			buildSettings = {
				ALWAYS_EMBED_SWIFT_STANDARD_LIBRARIES = YES;
				CODE_SIGN_STYLE = Automatic;
				CURRENT_PROJECT_VERSION = 1;
				GENERATE_INFOPLIST_FILE = YES;
				MARKETING_VERSION = 1.0;
				PRODUCT_BUNDLE_IDENTIFIER = "com.andre.Andre-FlixUITests";
				PRODUCT_NAME = "$(TARGET_NAME)";
				SWIFT_EMIT_LOC_STRINGS = NO;
				SWIFT_VERSION = 5.0;
				TARGETED_DEVICE_FAMILY = "1,2";
				TEST_TARGET_NAME = "Andre-Flix";
			};
			name = Release;
		};
/* End XCBuildConfiguration section */

/* Begin XCConfigurationList section */
		3FFC523427B5EB8000FEDF61 /* Build configuration list for PBXProject "Andre-Flix" */ = {
			isa = XCConfigurationList;
			buildConfigurations = (
				3FFC526127B5EB8200FEDF61 /* Debug */,
				3FFC526227B5EB8200FEDF61 /* Release */,
			);
			defaultConfigurationIsVisible = 0;
			defaultConfigurationName = Release;
		};
		3FFC526327B5EB8200FEDF61 /* Build configuration list for PBXNativeTarget "Andre-Flix" */ = {
			isa = XCConfigurationList;
			buildConfigurations = (
				3FFC526427B5EB8200FEDF61 /* Debug */,
				3FFC526527B5EB8200FEDF61 /* Release */,
			);
			defaultConfigurationIsVisible = 0;
			defaultConfigurationName = Release;
		};
		3FFC526627B5EB8200FEDF61 /* Build configuration list for PBXNativeTarget "Andre-FlixTests" */ = {
			isa = XCConfigurationList;
			buildConfigurations = (
				3FFC526727B5EB8200FEDF61 /* Debug */,
				3FFC526827B5EB8200FEDF61 /* Release */,
			);
			defaultConfigurationIsVisible = 0;
			defaultConfigurationName = Release;
		};
		3FFC526927B5EB8200FEDF61 /* Build configuration list for PBXNativeTarget "Andre-FlixUITests" */ = {
			isa = XCConfigurationList;
			buildConfigurations = (
				3FFC526A27B5EB8200FEDF61 /* Debug */,
				3FFC526B27B5EB8200FEDF61 /* Release */,
			);
			defaultConfigurationIsVisible = 0;
			defaultConfigurationName = Release;
		};
/* End XCConfigurationList section */
	};
	rootObject = 3FFC523127B5EB8000FEDF61 /* Project object */;
}
